
Microsoft Visual Studio Solution File, Format Version 12.00
# Visual Studio 15
VisualStudioVersion = 15.0.26124.0
MinimumVisualStudioVersion = 15.0.26124.0
Project("{F2A71F9B-5D33-465A-A702-920D77279786}") = "MCDomainCrawler.Core", "MCDomainCrawler.Core\MCDomainCrawler.Core.fsproj", "{87824FD1-FCA3-4405-BDF6-0980047E2188}"
EndProject
Project("{F2A71F9B-5D33-465A-A702-920D77279786}") = "MCDomainCrawler.Infrastructure", "MCDomainCrawler.Infrastructure\MCDomainCrawler.Infrastructure.fsproj", "{054B16EB-E453-4BAF-A202-4784FB9FB675}"
EndProject
Project("{FAE04EC0-301F-11D3-BF4B-00C04F79EFBC}") = "MCDomainCrawler.Worker", "MCDomainCrawler.Worker\MCDomainCrawler.Worker.csproj", "{98F7394D-12F3-4A73-B657-A25CE8259167}"
EndProject
Global
	GlobalSection(SolutionConfigurationPlatforms) = preSolution
		Debug|Any CPU = Debug|Any CPU
		Debug|x64 = Debug|x64
		Debug|x86 = Debug|x86
		Release|Any CPU = Release|Any CPU
		Release|x64 = Release|x64
		Release|x86 = Release|x86
	EndGlobalSection
	GlobalSection(SolutionProperties) = preSolution
		HideSolutionNode = FALSE
	EndGlobalSection
	GlobalSection(ProjectConfigurationPlatforms) = postSolution
		{87824FD1-FCA3-4405-BDF6-0980047E2188}.Debug|Any CPU.ActiveCfg = Debug|Any CPU
		{87824FD1-FCA3-4405-BDF6-0980047E2188}.Debug|Any CPU.Build.0 = Debug|Any CPU
		{87824FD1-FCA3-4405-BDF6-0980047E2188}.Debug|x64.ActiveCfg = Debug|Any CPU
		{87824FD1-FCA3-4405-BDF6-0980047E2188}.Debug|x64.Build.0 = Debug|Any CPU
		{87824FD1-FCA3-4405-BDF6-0980047E2188}.Debug|x86.ActiveCfg = Debug|Any CPU
		{87824FD1-FCA3-4405-BDF6-0980047E2188}.Debug|x86.Build.0 = Debug|Any CPU
		{87824FD1-FCA3-4405-BDF6-0980047E2188}.Release|Any CPU.ActiveCfg = Release|Any CPU
		{87824FD1-FCA3-4405-BDF6-0980047E2188}.Release|Any CPU.Build.0 = Release|Any CPU
		{87824FD1-FCA3-4405-BDF6-0980047E2188}.Release|x64.ActiveCfg = Release|Any CPU
		{87824FD1-FCA3-4405-BDF6-0980047E2188}.Release|x64.Build.0 = Release|Any CPU
		{87824FD1-FCA3-4405-BDF6-0980047E2188}.Release|x86.ActiveCfg = Release|Any CPU
		{87824FD1-FCA3-4405-BDF6-0980047E2188}.Release|x86.Build.0 = Release|Any CPU
		{054B16EB-E453-4BAF-A202-4784FB9FB675}.Debug|Any CPU.ActiveCfg = Debug|Any CPU
		{054B16EB-E453-4BAF-A202-4784FB9FB675}.Debug|Any CPU.Build.0 = Debug|Any CPU
		{054B16EB-E453-4BAF-A202-4784FB9FB675}.Debug|x64.ActiveCfg = Debug|Any CPU
		{054B16EB-E453-4BAF-A202-4784FB9FB675}.Debug|x64.Build.0 = Debug|Any CPU
		{054B16EB-E453-4BAF-A202-4784FB9FB675}.Debug|x86.ActiveCfg = Debug|Any CPU
		{054B16EB-E453-4BAF-A202-4784FB9FB675}.Debug|x86.Build.0 = Debug|Any CPU
		{054B16EB-E453-4BAF-A202-4784FB9FB675}.Release|Any CPU.ActiveCfg = Release|Any CPU
		{054B16EB-E453-4BAF-A202-4784FB9FB675}.Release|Any CPU.Build.0 = Release|Any CPU
		{054B16EB-E453-4BAF-A202-4784FB9FB675}.Release|x64.ActiveCfg = Release|Any CPU
		{054B16EB-E453-4BAF-A202-4784FB9FB675}.Release|x64.Build.0 = Release|Any CPU
		{054B16EB-E453-4BAF-A202-4784FB9FB675}.Release|x86.ActiveCfg = Release|Any CPU
		{054B16EB-E453-4BAF-A202-4784FB9FB675}.Release|x86.Build.0 = Release|Any CPU
		{98F7394D-12F3-4A73-B657-A25CE8259167}.Debug|Any CPU.ActiveCfg = Debug|Any CPU
		{98F7394D-12F3-4A73-B657-A25CE8259167}.Debug|Any CPU.Build.0 = Debug|Any CPU
		{98F7394D-12F3-4A73-B657-A25CE8259167}.Debug|x64.ActiveCfg = Debug|Any CPU
		{98F7394D-12F3-4A73-B657-A25CE8259167}.Debug|x64.Build.0 = Debug|Any CPU
		{98F7394D-12F3-4A73-B657-A25CE8259167}.Debug|x86.ActiveCfg = Debug|Any CPU
		{98F7394D-12F3-4A73-B657-A25CE8259167}.Debug|x86.Build.0 = Debug|Any CPU
		{98F7394D-12F3-4A73-B657-A25CE8259167}.Release|Any CPU.ActiveCfg = Release|Any CPU
		{98F7394D-12F3-4A73-B657-A25CE8259167}.Release|Any CPU.Build.0 = Release|Any CPU
		{98F7394D-12F3-4A73-B657-A25CE8259167}.Release|x64.ActiveCfg = Release|Any CPU
		{98F7394D-12F3-4A73-B657-A25CE8259167}.Release|x64.Build.0 = Release|Any CPU
		{98F7394D-12F3-4A73-B657-A25CE8259167}.Release|x86.ActiveCfg = Release|Any CPU
		{98F7394D-12F3-4A73-B657-A25CE8259167}.Release|x86.Build.0 = Release|Any CPU
	EndGlobalSection
EndGlobal
